// !$*UTF8*$!
{
	archiveVersion = 1;
	classes = {
	};
	objectVersion = 50;
	objects = {

/* Begin PBXBuildFile section */
		6D4F78532407F20C00D27809 /* Snake.swift in Sources */ = {isa = PBXBuildFile; fileRef = 6D4F78522407F20C00D27809 /* Snake.swift */; };
		6D4F8AB324052A8E0061C796 /* AppDelegate.swift in Sources */ = {isa = PBXBuildFile; fileRef = 6D4F8AB224052A8E0061C796 /* AppDelegate.swift */; };
		6D4F8AB524052A8E0061C796 /* SceneDelegate.swift in Sources */ = {isa = PBXBuildFile; fileRef = 6D4F8AB424052A8E0061C796 /* SceneDelegate.swift */; };
		6D4F8AB924052A910061C796 /* Assets.xcassets in Resources */ = {isa = PBXBuildFile; fileRef = 6D4F8AB824052A910061C796 /* Assets.xcassets */; };
		6D4F8ABC24052A910061C796 /* Preview Assets.xcassets in Resources */ = {isa = PBXBuildFile; fileRef = 6D4F8ABB24052A910061C796 /* Preview Assets.xcassets */; };
		6D4F8ABF24052A910061C796 /* LaunchScreen.storyboard in Resources */ = {isa = PBXBuildFile; fileRef = 6D4F8ABD24052A910061C796 /* LaunchScreen.storyboard */; };
		6D4F8ACA24052BCA0061C796 /* MainMenuView.swift in Sources */ = {isa = PBXBuildFile; fileRef = 6D4F8AC924052BCA0061C796 /* MainMenuView.swift */; };
		6D4F8ACC24052C7D0061C796 /* MainMenuContent.swift in Sources */ = {isa = PBXBuildFile; fileRef = 6D4F8ACB24052C7D0061C796 /* MainMenuContent.swift */; };
		6D4F8ACE24052FAD0061C796 /* ScoreboardView.swift in Sources */ = {isa = PBXBuildFile; fileRef = 6D4F8ACD24052FAD0061C796 /* ScoreboardView.swift */; };
		6D4F8AD02405306F0061C796 /* ScoreboardContent.swift in Sources */ = {isa = PBXBuildFile; fileRef = 6D4F8ACF2405306F0061C796 /* ScoreboardContent.swift */; };
		6D4F8AD224054ED00061C796 /* GameContent.swift in Sources */ = {isa = PBXBuildFile; fileRef = 6D4F8AD124054ED00061C796 /* GameContent.swift */; };
		6D4F8AD424054F2D0061C796 /* GameView.swift in Sources */ = {isa = PBXBuildFile; fileRef = 6D4F8AD324054F2D0061C796 /* GameView.swift */; };
		6D4F8B2A2406D8640061C796 /* GameScene.swift in Sources */ = {isa = PBXBuildFile; fileRef = 6D4F8B292406D8640061C796 /* GameScene.swift */; };
		6D501F25240CDA1F00E85D4C /* GameOverView.swift in Sources */ = {isa = PBXBuildFile; fileRef = 6D501F24240CDA1F00E85D4C /* GameOverView.swift */; };
		6D67E283240CF9EB0034C3C5 /* GameOverScene.swift in Sources */ = {isa = PBXBuildFile; fileRef = 6D67E282240CF9EA0034C3C5 /* GameOverScene.swift */; };
		6D67E285240D10B20034C3C5 /* SaveRetrieveScore.swift in Sources */ = {isa = PBXBuildFile; fileRef = 6D67E284240D10B20034C3C5 /* SaveRetrieveScore.swift */; };
		6D67E2AF240D2B260034C3C5 /* Scoreboard.swift in Sources */ = {isa = PBXBuildFile; fileRef = 6D67E2AE240D2B260034C3C5 /* Scoreboard.swift */; };
		6D67E2B8240E3E9E0034C3C5 /* Datamodel.xcdatamodeld in Sources */ = {isa = PBXBuildFile; fileRef = 6D67E2B6240E3E9E0034C3C5 /* Datamodel.xcdatamodeld */; };
/* End PBXBuildFile section */

/* Begin PBXFileReference section */
		6D4F78522407F20C00D27809 /* Snake.swift */ = {isa = PBXFileReference; lastKnownFileType = sourcecode.swift; path = Snake.swift; sourceTree = "<group>"; };
		6D4F8AAF24052A8E0061C796 /* Labb2Swift.app */ = {isa = PBXFileReference; explicitFileType = wrapper.application; includeInIndex = 0; path = Labb2Swift.app; sourceTree = BUILT_PRODUCTS_DIR; };
		6D4F8AB224052A8E0061C796 /* AppDelegate.swift */ = {isa = PBXFileReference; lastKnownFileType = sourcecode.swift; path = AppDelegate.swift; sourceTree = "<group>"; };
		6D4F8AB424052A8E0061C796 /* SceneDelegate.swift */ = {isa = PBXFileReference; lastKnownFileType = sourcecode.swift; path = SceneDelegate.swift; sourceTree = "<group>"; };
		6D4F8AB824052A910061C796 /* Assets.xcassets */ = {isa = PBXFileReference; lastKnownFileType = folder.assetcatalog; path = Assets.xcassets; sourceTree = "<group>"; };
		6D4F8ABB24052A910061C796 /* Preview Assets.xcassets */ = {isa = PBXFileReference; lastKnownFileType = folder.assetcatalog; path = "Preview Assets.xcassets"; sourceTree = "<group>"; };
		6D4F8ABE24052A910061C796 /* Base */ = {isa = PBXFileReference; lastKnownFileType = file.storyboard; name = Base; path = Base.lproj/LaunchScreen.storyboard; sourceTree = "<group>"; };
		6D4F8AC024052A910061C796 /* Info.plist */ = {isa = PBXFileReference; lastKnownFileType = text.plist.xml; path = Info.plist; sourceTree = "<group>"; };
		6D4F8AC924052BCA0061C796 /* MainMenuView.swift */ = {isa = PBXFileReference; lastKnownFileType = sourcecode.swift; path = MainMenuView.swift; sourceTree = "<group>"; };
		6D4F8ACB24052C7D0061C796 /* MainMenuContent.swift */ = {isa = PBXFileReference; lastKnownFileType = sourcecode.swift; path = MainMenuContent.swift; sourceTree = "<group>"; };
		6D4F8ACD24052FAD0061C796 /* ScoreboardView.swift */ = {isa = PBXFileReference; lastKnownFileType = sourcecode.swift; path = ScoreboardView.swift; sourceTree = "<group>"; };
		6D4F8ACF2405306F0061C796 /* ScoreboardContent.swift */ = {isa = PBXFileReference; lastKnownFileType = sourcecode.swift; path = ScoreboardContent.swift; sourceTree = "<group>"; };
		6D4F8AD124054ED00061C796 /* GameContent.swift */ = {isa = PBXFileReference; lastKnownFileType = sourcecode.swift; path = GameContent.swift; sourceTree = "<group>"; };
		6D4F8AD324054F2D0061C796 /* GameView.swift */ = {isa = PBXFileReference; lastKnownFileType = sourcecode.swift; path = GameView.swift; sourceTree = "<group>"; };
		6D4F8B292406D8640061C796 /* GameScene.swift */ = {isa = PBXFileReference; lastKnownFileType = sourcecode.swift; path = GameScene.swift; sourceTree = "<group>"; };
		6D501F24240CDA1F00E85D4C /* GameOverView.swift */ = {isa = PBXFileReference; lastKnownFileType = sourcecode.swift; name = GameOverView.swift; path = Labb2Swift/Models/GameOverView.swift; sourceTree = SOURCE_ROOT; };
		6D67E282240CF9EA0034C3C5 /* GameOverScene.swift */ = {isa = PBXFileReference; lastKnownFileType = sourcecode.swift; path = GameOverScene.swift; sourceTree = "<group>"; };
		6D67E284240D10B20034C3C5 /* SaveRetrieveScore.swift */ = {isa = PBXFileReference; lastKnownFileType = sourcecode.swift; path = SaveRetrieveScore.swift; sourceTree = "<group>"; };
		6D67E2AE240D2B260034C3C5 /* Scoreboard.swift */ = {isa = PBXFileReference; lastKnownFileType = sourcecode.swift; path = Scoreboard.swift; sourceTree = "<group>"; };
		6D67E2B7240E3E9E0034C3C5 /* Datamodel.xcdatamodel */ = {isa = PBXFileReference; lastKnownFileType = wrapper.xcdatamodel; path = Datamodel.xcdatamodel; sourceTree = "<group>"; };
/* End PBXFileReference section */

/* Begin PBXFrameworksBuildPhase section */
		6D4F8AAC24052A8E0061C796 /* Frameworks */ = {
			isa = PBXFrameworksBuildPhase;
			buildActionMask = 2147483647;
			files = (
			);
			runOnlyForDeploymentPostprocessing = 0;
		};
/* End PBXFrameworksBuildPhase section */

/* Begin PBXGroup section */
		6D4F8AA624052A8E0061C796 = {
			isa = PBXGroup;
			children = (
				6D4F8AB124052A8E0061C796 /* Labb2Swift */,
				6D4F8AB024052A8E0061C796 /* Products */,
			);
			sourceTree = "<group>";
		};
		6D4F8AB024052A8E0061C796 /* Products */ = {
			isa = PBXGroup;
			children = (
				6D4F8AAF24052A8E0061C796 /* Labb2Swift.app */,
			);
			name = Products;
			sourceTree = "<group>";
		};
		6D4F8AB124052A8E0061C796 /* Labb2Swift */ = {
			isa = PBXGroup;
			children = (
				6D517D2E2407B6C200861AA6 /* Assetes */,
				6D4F8AC624052A990061C796 /* Models */,
				6D4F8AC724052AA80061C796 /* Views */,
				6D4F8AC824052AB50061C796 /* Content */,
				6D4F8AC024052A910061C796 /* Info.plist */,
				6D4F8ABA24052A910061C796 /* Preview Content */,
			);
			path = Labb2Swift;
			sourceTree = "<group>";
		};
		6D4F8ABA24052A910061C796 /* Preview Content */ = {
			isa = PBXGroup;
			children = (
				6D4F8ABB24052A910061C796 /* Preview Assets.xcassets */,
			);
			path = "Preview Content";
			sourceTree = "<group>";
		};
		6D4F8AC624052A990061C796 /* Models */ = {
			isa = PBXGroup;
			children = (
				6D4F8B292406D8640061C796 /* GameScene.swift */,
				6D4F78522407F20C00D27809 /* Snake.swift */,
				6D67E282240CF9EA0034C3C5 /* GameOverScene.swift */,
				6D67E284240D10B20034C3C5 /* SaveRetrieveScore.swift */,
				6D67E2AE240D2B260034C3C5 /* Scoreboard.swift */,
			);
			path = Models;
			sourceTree = "<group>";
		};
		6D4F8AC724052AA80061C796 /* Views */ = {
			isa = PBXGroup;
			children = (
				6D501F24240CDA1F00E85D4C /* GameOverView.swift */,
				6D4F8AC924052BCA0061C796 /* MainMenuView.swift */,
				6D4F8ACD24052FAD0061C796 /* ScoreboardView.swift */,
				6D4F8AD324054F2D0061C796 /* GameView.swift */,
			);
			path = Views;
			sourceTree = "<group>";
		};
		6D4F8AC824052AB50061C796 /* Content */ = {
			isa = PBXGroup;
			children = (
				6D4F8ACB24052C7D0061C796 /* MainMenuContent.swift */,
				6D4F8ACF2405306F0061C796 /* ScoreboardContent.swift */,
				6D4F8AD124054ED00061C796 /* GameContent.swift */,
			);
			path = Content;
			sourceTree = "<group>";
		};
		6D517D2E2407B6C200861AA6 /* Assetes */ = {
			isa = PBXGroup;
			children = (
				6D67E2B6240E3E9E0034C3C5 /* Datamodel.xcdatamodeld */,
				6D4F8AB224052A8E0061C796 /* AppDelegate.swift */,
				6D4F8AB424052A8E0061C796 /* SceneDelegate.swift */,
				6D4F8AB824052A910061C796 /* Assets.xcassets */,
				6D4F8ABD24052A910061C796 /* LaunchScreen.storyboard */,
			);
			path = Assetes;
			sourceTree = "<group>";
		};
/* End PBXGroup section */

/* Begin PBXNativeTarget section */
		6D4F8AAE24052A8E0061C796 /* Labb2Swift */ = {
			isa = PBXNativeTarget;
			buildConfigurationList = 6D4F8AC324052A910061C796 /* Build configuration list for PBXNativeTarget "Labb2Swift" */;
			buildPhases = (
				6D4F8AAB24052A8E0061C796 /* Sources */,
				6D4F8AAC24052A8E0061C796 /* Frameworks */,
				6D4F8AAD24052A8E0061C796 /* Resources */,
			);
			buildRules = (
			);
			dependencies = (
			);
			name = Labb2Swift;
			productName = Labb2Swift;
			productReference = 6D4F8AAF24052A8E0061C796 /* Labb2Swift.app */;
			productType = "com.apple.product-type.application";
		};
/* End PBXNativeTarget section */

/* Begin PBXProject section */
		6D4F8AA724052A8E0061C796 /* Project object */ = {
			isa = PBXProject;
			attributes = {
				LastSwiftUpdateCheck = 1130;
				LastUpgradeCheck = 1130;
				ORGANIZATIONNAME = "Jesper Stenlund";
				TargetAttributes = {
					6D4F8AAE24052A8E0061C796 = {
						CreatedOnToolsVersion = 11.3.1;
					};
				};
			};
			buildConfigurationList = 6D4F8AAA24052A8E0061C796 /* Build configuration list for PBXProject "Labb2Swift" */;
			compatibilityVersion = "Xcode 9.3";
			developmentRegion = en;
			hasScannedForEncodings = 0;
			knownRegions = (
				en,
				Base,
			);
			mainGroup = 6D4F8AA624052A8E0061C796;
			productRefGroup = 6D4F8AB024052A8E0061C796 /* Products */;
			projectDirPath = "";
			projectRoot = "";
			targets = (
				6D4F8AAE24052A8E0061C796 /* Labb2Swift */,
			);
		};
/* End PBXProject section */

/* Begin PBXResourcesBuildPhase section */
		6D4F8AAD24052A8E0061C796 /* Resources */ = {
			isa = PBXResourcesBuildPhase;
			buildActionMask = 2147483647;
			files = (
				6D4F8ABF24052A910061C796 /* LaunchScreen.storyboard in Resources */,
				6D4F8ABC24052A910061C796 /* Preview Assets.xcassets in Resources */,
				6D4F8AB924052A910061C796 /* Assets.xcassets in Resources */,
			);
			runOnlyForDeploymentPostprocessing = 0;
		};
/* End PBXResourcesBuildPhase section */

/* Begin PBXSourcesBuildPhase section */
		6D4F8AAB24052A8E0061C796 /* Sources */ = {
			isa = PBXSourcesBuildPhase;
			buildActionMask = 2147483647;
			files = (
				6D4F8AB324052A8E0061C796 /* AppDelegate.swift in Sources */,
				6D501F25240CDA1F00E85D4C /* GameOverView.swift in Sources */,
				6D4F8AD224054ED00061C796 /* GameContent.swift in Sources */,
				6D4F78532407F20C00D27809 /* Snake.swift in Sources */,
				6D67E2B8240E3E9E0034C3C5 /* Datamodel.xcdatamodeld in Sources */,
				6D4F8AD02405306F0061C796 /* ScoreboardContent.swift in Sources */,
				6D4F8B2A2406D8640061C796 /* GameScene.swift in Sources */,
				6D4F8ACC24052C7D0061C796 /* MainMenuContent.swift in Sources */,
				6D67E283240CF9EB0034C3C5 /* GameOverScene.swift in Sources */,
				6D4F8AB524052A8E0061C796 /* SceneDelegate.swift in Sources */,
				6D67E285240D10B20034C3C5 /* SaveRetrieveScore.swift in Sources */,
				6D4F8ACA24052BCA0061C796 /* MainMenuView.swift in Sources */,
				6D4F8AD424054F2D0061C796 /* GameView.swift in Sources */,
				6D4F8ACE24052FAD0061C796 /* ScoreboardView.swift in Sources */,
				6D67E2AF240D2B260034C3C5 /* Scoreboard.swift in Sources */,
			);
			runOnlyForDeploymentPostprocessing = 0;
		};
/* End PBXSourcesBuildPhase section */

/* Begin PBXVariantGroup section */
		6D4F8ABD24052A910061C796 /* LaunchScreen.storyboard */ = {
			isa = PBXVariantGroup;
			children = (
				6D4F8ABE24052A910061C796 /* Base */,
			);
			name = LaunchScreen.storyboard;
			sourceTree = "<group>";
		};
/* End PBXVariantGroup section */

/* Begin XCBuildConfiguration section */
		6D4F8AC124052A910061C796 /* Debug */ = {
			isa = XCBuildConfiguration;
			buildSettings = {
				ALWAYS_SEARCH_USER_PATHS = NO;
				CLANG_ANALYZER_NONNULL = YES;
				CLANG_ANALYZER_NUMBER_OBJECT_CONVERSION = YES_AGGRESSIVE;
				CLANG_CXX_LANGUAGE_STANDARD = "gnu++14";
				CLANG_CXX_LIBRARY = "libc++";
				CLANG_ENABLE_MODULES = YES;
				CLANG_ENABLE_OBJC_ARC = YES;
				CLANG_ENABLE_OBJC_WEAK = YES;
				CLANG_WARN_BLOCK_CAPTURE_AUTORELEASING = YES;
				CLANG_WARN_BOOL_CONVERSION = YES;
				CLANG_WARN_COMMA = YES;
				CLANG_WARN_CONSTANT_CONVERSION = YES;
				CLANG_WARN_DEPRECATED_OBJC_IMPLEMENTATIONS = YES;
				CLANG_WARN_DIRECT_OBJC_ISA_USAGE = YES_ERROR;
				CLANG_WARN_DOCUMENTATION_COMMENTS = YES;
				CLANG_WARN_EMPTY_BODY = YES;
				CLANG_WARN_ENUM_CONVERSION = YES;
				CLANG_WARN_INFINITE_RECURSION = YES;
				CLANG_WARN_INT_CONVERSION = YES;
				CLANG_WARN_NON_LITERAL_NULL_CONVERSION = YES;
				CLANG_WARN_OBJC_IMPLICIT_RETAIN_SELF = YES;
				CLANG_WARN_OBJC_LITERAL_CONVERSION = YES;
				CLANG_WARN_OBJC_ROOT_CLASS = YES_ERROR;
				CLANG_WARN_RANGE_LOOP_ANALYSIS = YES;
				CLANG_WARN_STRICT_PROTOTYPES = YES;
				CLANG_WARN_SUSPICIOUS_MOVE = YES;
				CLANG_WARN_UNGUARDED_AVAILABILITY = YES_AGGRESSIVE;
				CLANG_WARN_UNREACHABLE_CODE = YES;
				CLANG_WARN__DUPLICATE_METHOD_MATCH = YES;
				COPY_PHASE_STRIP = NO;
				DEBUG_INFORMATION_FORMAT = dwarf;
				ENABLE_STRICT_OBJC_MSGSEND = YES;
				ENABLE_TESTABILITY = YES;
				GCC_C_LANGUAGE_STANDARD = gnu11;
				GCC_DYNAMIC_NO_PIC = NO;
				GCC_NO_COMMON_BLOCKS = YES;
				GCC_OPTIMIZATION_LEVEL = 0;
				GCC_PREPROCESSOR_DEFINITIONS = (
					"DEBUG=1",
					"$(inherited)",
				);
				GCC_WARN_64_TO_32_BIT_CONVERSION = YES;
				GCC_WARN_ABOUT_RETURN_TYPE = YES_ERROR;
				GCC_WARN_UNDECLARED_SELECTOR = YES;
				GCC_WARN_UNINITIALIZED_AUTOS = YES_AGGRESSIVE;
				GCC_WARN_UNUSED_FUNCTION = YES;
				GCC_WARN_UNUSED_VARIABLE = YES;
				IPHONEOS_DEPLOYMENT_TARGET = 13.2;
				MTL_ENABLE_DEBUG_INFO = INCLUDE_SOURCE;
				MTL_FAST_MATH = YES;
				ONLY_ACTIVE_ARCH = YES;
				SDKROOT = iphoneos;
				SWIFT_ACTIVE_COMPILATION_CONDITIONS = DEBUG;
				SWIFT_OPTIMIZATION_LEVEL = "-Onone";
			};
			name = Debug;
		};
		6D4F8AC224052A910061C796 /* Release */ = {
			isa = XCBuildConfiguration;
			buildSettings = {
				ALWAYS_SEARCH_USER_PATHS = NO;
				CLANG_ANALYZER_NONNULL = YES;
				CLANG_ANALYZER_NUMBER_OBJECT_CONVERSION = YES_AGGRESSIVE;
				CLANG_CXX_LANGUAGE_STANDARD = "gnu++14";
				CLANG_CXX_LIBRARY = "libc++";
				CLANG_ENABLE_MODULES = YES;
				CLANG_ENABLE_OBJC_ARC = YES;
				CLANG_ENABLE_OBJC_WEAK = YES;
				CLANG_WARN_BLOCK_CAPTURE_AUTORELEASING = YES;
				CLANG_WARN_BOOL_CONVERSION = YES;
				CLANG_WARN_COMMA = YES;
				CLANG_WARN_CONSTANT_CONVERSION = YES;
				CLANG_WARN_DEPRECATED_OBJC_IMPLEMENTATIONS = YES;
				CLANG_WARN_DIRECT_OBJC_ISA_USAGE = YES_ERROR;
				CLANG_WARN_DOCUMENTATION_COMMENTS = YES;
				CLANG_WARN_EMPTY_BODY = YES;
				CLANG_WARN_ENUM_CONVERSION = YES;
				CLANG_WARN_INFINITE_RECURSION = YES;
				CLANG_WARN_INT_CONVERSION = YES;
				CLANG_WARN_NON_LITERAL_NULL_CONVERSION = YES;
				CLANG_WARN_OBJC_IMPLICIT_RETAIN_SELF = YES;
				CLANG_WARN_OBJC_LITERAL_CONVERSION = YES;
				CLANG_WARN_OBJC_ROOT_CLASS = YES_ERROR;
				CLANG_WARN_RANGE_LOOP_ANALYSIS = YES;
				CLANG_WARN_STRICT_PROTOTYPES = YES;
				CLANG_WARN_SUSPICIOUS_MOVE = YES;
				CLANG_WARN_UNGUARDED_AVAILABILITY = YES_AGGRESSIVE;
				CLANG_WARN_UNREACHABLE_CODE = YES;
				CLANG_WARN__DUPLICATE_METHOD_MATCH = YES;
				COPY_PHASE_STRIP = NO;
				DEBUG_INFORMATION_FORMAT = "dwarf-with-dsym";
				ENABLE_NS_ASSERTIONS = NO;
				ENABLE_STRICT_OBJC_MSGSEND = YES;
				GCC_C_LANGUAGE_STANDARD = gnu11;
				GCC_NO_COMMON_BLOCKS = YES;
				GCC_WARN_64_TO_32_BIT_CONVERSION = YES;
				GCC_WARN_ABOUT_RETURN_TYPE = YES_ERROR;
				GCC_WARN_UNDECLARED_SELECTOR = YES;
				GCC_WARN_UNINITIALIZED_AUTOS = YES_AGGRESSIVE;
				GCC_WARN_UNUSED_FUNCTION = YES;
				GCC_WARN_UNUSED_VARIABLE = YES;
				IPHONEOS_DEPLOYMENT_TARGET = 13.2;
				MTL_ENABLE_DEBUG_INFO = NO;
				MTL_FAST_MATH = YES;
				SDKROOT = iphoneos;
				SWIFT_COMPILATION_MODE = wholemodule;
				SWIFT_OPTIMIZATION_LEVEL = "-O";
				VALIDATE_PRODUCT = YES;
			};
			name = Release;
		};
		6D4F8AC424052A910061C796 /* Debug */ = {
			isa = XCBuildConfiguration;
			buildSettings = {
				ASSETCATALOG_COMPILER_APPICON_NAME = AppIcon;
				CODE_SIGN_STYLE = Automatic;
				DEVELOPMENT_ASSET_PATHS = "\"Labb2Swift/Preview Content\"";
				DEVELOPMENT_TEAM = "";
				ENABLE_PREVIEWS = YES;
				INFOPLIST_FILE = Labb2Swift/Info.plist;
				LD_RUNPATH_SEARCH_PATHS = (
					"$(inherited)",
					"@executable_path/Frameworks",
				);
				PRODUCT_BUNDLE_IDENTIFIER = com.jesperStenlund.Labb2Swift;
				PRODUCT_NAME = "$(TARGET_NAME)";
				SWIFT_VERSION = 5.0;
				TARGETED_DEVICE_FAMILY = "1,2";
			};
			name = Debug;
		};
		6D4F8AC524052A910061C796 /* Release */ = {
			isa = XCBuildConfiguration;
			buildSettings = {
				ASSETCATALOG_COMPILER_APPICON_NAME = AppIcon;
				CODE_SIGN_STYLE = Automatic;
				DEVELOPMENT_ASSET_PATHS = "\"Labb2Swift/Preview Content\"";
				DEVELOPMENT_TEAM = "";
				ENABLE_PREVIEWS = YES;
				INFOPLIST_FILE = Labb2Swift/Info.plist;
				LD_RUNPATH_SEARCH_PATHS = (
					"$(inherited)",
					"@executable_path/Frameworks",
				);
				PRODUCT_BUNDLE_IDENTIFIER = com.jesperStenlund.Labb2Swift;
				PRODUCT_NAME = "$(TARGET_NAME)";
				SWIFT_VERSION = 5.0;
				TARGETED_DEVICE_FAMILY = "1,2";
			};
			name = Release;
		};
/* End XCBuildConfiguration section */

/* Begin XCConfigurationList section */
		6D4F8AAA24052A8E0061C796 /* Build configuration list for PBXProject "Labb2Swift" */ = {
			isa = XCConfigurationList;
			buildConfigurations = (
				6D4F8AC124052A910061C796 /* Debug */,
				6D4F8AC224052A910061C796 /* Release */,
			);
			defaultConfigurationIsVisible = 0;
			defaultConfigurationName = Release;
		};
		6D4F8AC324052A910061C796 /* Build configuration list for PBXNativeTarget "Labb2Swift" */ = {
			isa = XCConfigurationList;
			buildConfigurations = (
				6D4F8AC424052A910061C796 /* Debug */,
				6D4F8AC524052A910061C796 /* Release */,
			);
			defaultConfigurationIsVisible = 0;
			defaultConfigurationName = Release;
		};
/* End XCConfigurationList section */

/* Begin XCVersionGroup section */
		6D67E2B6240E3E9E0034C3C5 /* Datamodel.xcdatamodeld */ = {
			isa = XCVersionGroup;
			children = (
				6D67E2B7240E3E9E0034C3C5 /* Datamodel.xcdatamodel */,
			);
			currentVersion = 6D67E2B7240E3E9E0034C3C5 /* Datamodel.xcdatamodel */;
			path = Datamodel.xcdatamodeld;
			sourceTree = "<group>";
			versionGroupType = wrapper.xcdatamodel;
		};
/* End XCVersionGroup section */
	};
	rootObject = 6D4F8AA724052A8E0061C796 /* Project object */;
}
